{
  "name": "pi-extensions",
  "lockfileVersion": 3,
  "requires": true,
  "packages": {
    "": {
      "name": "pi-extensions",
      "dependencies": {
        "pi-powerline-footer": "^0.12.2"
      }
    },
    "node_modules/pi-powerline-footer": {
      "version": "0.12.2",
      "license": "MIT",
      "peerDependencies": {
        "@earendil-works/pi-ai": ">=0.81.0 <0.84.0",
        "@earendil-works/pi-coding-agent": ">=0.81.0 <0.84.0",
        "@earendil-works/pi-tui": ">=0.81.0 <0.84.0"
      }
    }
  }
}
